
Microsoft Visual Studio Solution File, Format Version 12.00
# Visual Studio Version 16
VisualStudioVersion = 16.0.30907.101
MinimumVisualStudioVersion = 10.0.40219.1
Project("{FAE04EC0-301F-11D3-BF4B-00C04F79EFBC}") = "FolderAndFileCopy", "FolderAndFileCopy.csproj", "{88EBCDFC-45C4-41D8-A864-CAF6544F38AA}"
EndProject
Global
	GlobalSection(SolutionConfigurationPlatforms) = preSolution
		Debug|Any CPU = Debug|Any CPU
		Release|Any CPU = Release|Any CPU
	EndGlobalSection
	GlobalSection(ProjectConfigurationPlatforms) = postSolution
		{88EBCDFC-45C4-41D8-A864-CAF6544F38AA}.Debug|Any CPU.ActiveCfg = Debug|Any CPU
		{88EBCDFC-45C4-41D8-A864-CAF6544F38AA}.Debug|Any CPU.Build.0 = Debug|Any CPU
		{88EBCDFC-45C4-41D8-A864-CAF6544F38AA}.Release|Any CPU.ActiveCfg = Release|Any CPU
		{88EBCDFC-45C4-41D8-A864-CAF6544F38AA}.Release|Any CPU.Build.0 = Release|Any CPU
	EndGlobalSection
	GlobalSection(SolutionProperties) = preSolution
		HideSolutionNode = FALSE
	EndGlobalSection
	GlobalSection(ExtensibilityGlobals) = postSolution
		SolutionGuid = {7C883A99-9446-40E0-B329-EAC9D1C7366F}
	EndGlobalSection
EndGlobal
